
Microsoft Visual Studio Solution File, Format Version 12.00
# Visual Studio Version 17
VisualStudioVersion = 17.4.33205.214
MinimumVisualStudioVersion = 10.0.40219.1
Project("{FAE04EC0-301F-11D3-BF4B-00C04F79EFBC}") = "RPC Server", "RPC Server\RPC Server.csproj", "{EADDCCCC-3B5E-47B9-B376-E06113072530}"
EndProject
Global
	GlobalSection(SolutionConfigurationPlatforms) = preSolution
		Debug|Any CPU = Debug|Any CPU
		Release|Any CPU = Release|Any CPU
	EndGlobalSection
	GlobalSection(ProjectConfigurationPlatforms) = postSolution
		{EADDCCCC-3B5E-47B9-B376-E06113072530}.Debug|Any CPU.ActiveCfg = Debug|Any CPU
		{EADDCCCC-3B5E-47B9-B376-E06113072530}.Debug|Any CPU.Build.0 = Debug|Any CPU
		{EADDCCCC-3B5E-47B9-B376-E06113072530}.Release|Any CPU.ActiveCfg = Release|Any CPU
		{EADDCCCC-3B5E-47B9-B376-E06113072530}.Release|Any CPU.Build.0 = Release|Any CPU
	EndGlobalSection
	GlobalSection(SolutionProperties) = preSolution
		HideSolutionNode = FALSE
	EndGlobalSection
	GlobalSection(ExtensibilityGlobals) = postSolution
		SolutionGuid = {39408A23-D3BB-4104-A8C1-3474A5C644E3}
	EndGlobalSection
EndGlobal
